[
  {
    "Name": "App with API",
    "Projects": [
      {
        "Path": "Biblio_Web\\Biblio_Web.csproj",
        "Action": "Start",
        "DebugTarget": "https"
      },
      {
        "Path": "Biblio_App\\Biblio_App.csproj",
        "Action": "Start",
        "DebugTarget": "Windows Machine"
      }
    ]
  }
]
